// !$*UTF8*$!
{
	archiveVersion = 1;
	classes = {
	};
	objectVersion = 56;
	objects = {

/* Begin PBXBuildFile section */
		2B453585A6F78BB252EFCB87 /* Pods_drunkLiarsAIPowered.framework in Frameworks */ = {isa = PBXBuildFile; fileRef = 3D51ABB6DE4D21542AF7E037 /* Pods_drunkLiarsAIPowered.framework */; };
		653A14912B752E34003D6FEC /* fastJokesApp.swift in Sources */ = {isa = PBXBuildFile; fileRef = 653A14902B752E34003D6FEC /* fastJokesApp.swift */; };
		653A14932B752E34003D6FEC /* ContentView.swift in Sources */ = {isa = PBXBuildFile; fileRef = 653A14922B752E34003D6FEC /* ContentView.swift */; };
		653A14952B752E35003D6FEC /* Assets.xcassets in Resources */ = {isa = PBXBuildFile; fileRef = 653A14942B752E35003D6FEC /* Assets.xcassets */; };
		653A14982B752E35003D6FEC /* Preview Assets.xcassets in Resources */ = {isa = PBXBuildFile; fileRef = 653A14972B752E35003D6FEC /* Preview Assets.xcassets */; };
		653A14C02B7532F9003D6FEC /* JokesSentencesList.swift in Sources */ = {isa = PBXBuildFile; fileRef = 653A14BF2B7532F9003D6FEC /* JokesSentencesList.swift */; };
		653A14C72B753415003D6FEC /* JokeGenerationService.swift in Sources */ = {isa = PBXBuildFile; fileRef = 653A14C62B753415003D6FEC /* JokeGenerationService.swift */; };
		6594DBC42B80C9D200D5326F /* LaunchingScreen.storyboard in Resources */ = {isa = PBXBuildFile; fileRef = 6594DBC32B80C9D200D5326F /* LaunchingScreen.storyboard */; };
		6594DBC72B80CB1600D5326F /* Lottie in Frameworks */ = {isa = PBXBuildFile; productRef = 6594DBC62B80CB1600D5326F /* Lottie */; };
/* End PBXBuildFile section */

/* Begin PBXFileReference section */
		13A27B74B0C07C7C1D36C7F3 /* Pods-drunkLiarsAIPowered.release.xcconfig */ = {isa = PBXFileReference; includeInIndex = 1; lastKnownFileType = text.xcconfig; name = "Pods-drunkLiarsAIPowered.release.xcconfig"; path = "Target Support Files/Pods-drunkLiarsAIPowered/Pods-drunkLiarsAIPowered.release.xcconfig"; sourceTree = "<group>"; };
		3D51ABB6DE4D21542AF7E037 /* Pods_drunkLiarsAIPowered.framework */ = {isa = PBXFileReference; explicitFileType = wrapper.framework; includeInIndex = 0; path = Pods_drunkLiarsAIPowered.framework; sourceTree = BUILT_PRODUCTS_DIR; };
		4DA2D080F2AB9742A1EB2FB5 /* Pods-drunkLiarsAIPowered.debug.xcconfig */ = {isa = PBXFileReference; includeInIndex = 1; lastKnownFileType = text.xcconfig; name = "Pods-drunkLiarsAIPowered.debug.xcconfig"; path = "Target Support Files/Pods-drunkLiarsAIPowered/Pods-drunkLiarsAIPowered.debug.xcconfig"; sourceTree = "<group>"; };
		653A148D2B752E34003D6FEC /* fastJokes.app */ = {isa = PBXFileReference; explicitFileType = wrapper.application; includeInIndex = 0; path = fastJokes.app; sourceTree = BUILT_PRODUCTS_DIR; };
		653A14902B752E34003D6FEC /* fastJokesApp.swift */ = {isa = PBXFileReference; lastKnownFileType = sourcecode.swift; path = fastJokesApp.swift; sourceTree = "<group>"; };
		653A14922B752E34003D6FEC /* ContentView.swift */ = {isa = PBXFileReference; lastKnownFileType = sourcecode.swift; path = ContentView.swift; sourceTree = "<group>"; };
		653A14942B752E35003D6FEC /* Assets.xcassets */ = {isa = PBXFileReference; lastKnownFileType = folder.assetcatalog; path = Assets.xcassets; sourceTree = "<group>"; };
		653A14972B752E35003D6FEC /* Preview Assets.xcassets */ = {isa = PBXFileReference; lastKnownFileType = folder.assetcatalog; path = "Preview Assets.xcassets"; sourceTree = "<group>"; };
		653A14BF2B7532F9003D6FEC /* JokesSentencesList.swift */ = {isa = PBXFileReference; lastKnownFileType = sourcecode.swift; path = JokesSentencesList.swift; sourceTree = "<group>"; };
		653A14C62B753415003D6FEC /* JokeGenerationService.swift */ = {isa = PBXFileReference; lastKnownFileType = sourcecode.swift; path = JokeGenerationService.swift; sourceTree = "<group>"; };
		6594DBC32B80C9D200D5326F /* LaunchingScreen.storyboard */ = {isa = PBXFileReference; lastKnownFileType = file.storyboard; path = LaunchingScreen.storyboard; sourceTree = "<group>"; };
/* End PBXFileReference section */

/* Begin PBXFrameworksBuildPhase section */
		653A148A2B752E34003D6FEC /* Frameworks */ = {
			isa = PBXFrameworksBuildPhase;
			buildActionMask = 2147483647;
			files = (
				2B453585A6F78BB252EFCB87 /* Pods_drunkLiarsAIPowered.framework in Frameworks */,
				6594DBC72B80CB1600D5326F /* Lottie in Frameworks */,
			);
			runOnlyForDeploymentPostprocessing = 0;
		};
/* End PBXFrameworksBuildPhase section */

/* Begin PBXGroup section */
		653A14842B752E34003D6FEC = {
			isa = PBXGroup;
			children = (
				653A148F2B752E34003D6FEC /* fastJokes */,
				653A148E2B752E34003D6FEC /* Products */,
				FAFA61C6D83E7B7386AF4EAD /* Pods */,
				6AC6C342E0626F643C2F961E /* Frameworks */,
			);
			sourceTree = "<group>";
		};
		653A148E2B752E34003D6FEC /* Products */ = {
			isa = PBXGroup;
			children = (
				653A148D2B752E34003D6FEC /* fastJokes.app */,
			);
			name = Products;
			sourceTree = "<group>";
		};
		653A148F2B752E34003D6FEC /* fastJokes */ = {
			isa = PBXGroup;
			children = (
				653A14BC2B753146003D6FEC /* models */,
				653A14BB2B75313D003D6FEC /* views */,
				653A14902B752E34003D6FEC /* fastJokesApp.swift */,
				653A14C52B7533F2003D6FEC /* services */,
				653A14922B752E34003D6FEC /* ContentView.swift */,
				653A14942B752E35003D6FEC /* Assets.xcassets */,
				653A14962B752E35003D6FEC /* Preview Content */,
				6594DBC32B80C9D200D5326F /* LaunchingScreen.storyboard */,
			);
			path = fastJokes;
			sourceTree = "<group>";
		};
		653A14962B752E35003D6FEC /* Preview Content */ = {
			isa = PBXGroup;
			children = (
				653A14972B752E35003D6FEC /* Preview Assets.xcassets */,
			);
			path = "Preview Content";
			sourceTree = "<group>";
		};
		653A14BB2B75313D003D6FEC /* views */ = {
			isa = PBXGroup;
			children = (
			);
			path = views;
			sourceTree = "<group>";
		};
		653A14BC2B753146003D6FEC /* models */ = {
			isa = PBXGroup;
			children = (
				653A14BF2B7532F9003D6FEC /* JokesSentencesList.swift */,
			);
			path = models;
			sourceTree = "<group>";
		};
		653A14C52B7533F2003D6FEC /* services */ = {
			isa = PBXGroup;
			children = (
				653A14C62B753415003D6FEC /* JokeGenerationService.swift */,
			);
			path = services;
			sourceTree = "<group>";
		};
		6AC6C342E0626F643C2F961E /* Frameworks */ = {
			isa = PBXGroup;
			children = (
				3D51ABB6DE4D21542AF7E037 /* Pods_drunkLiarsAIPowered.framework */,
			);
			name = Frameworks;
			sourceTree = "<group>";
		};
		FAFA61C6D83E7B7386AF4EAD /* Pods */ = {
			isa = PBXGroup;
			children = (
				4DA2D080F2AB9742A1EB2FB5 /* Pods-drunkLiarsAIPowered.debug.xcconfig */,
				13A27B74B0C07C7C1D36C7F3 /* Pods-drunkLiarsAIPowered.release.xcconfig */,
			);
			path = Pods;
			sourceTree = "<group>";
		};
/* End PBXGroup section */

/* Begin PBXNativeTarget section */
		653A148C2B752E34003D6FEC /* fastJokes */ = {
			isa = PBXNativeTarget;
			buildConfigurationList = 653A149B2B752E35003D6FEC /* Build configuration list for PBXNativeTarget "fastJokes" */;
			buildPhases = (
				B83E23B6E74AA2F86AE98DC0 /* [CP] Check Pods Manifest.lock */,
				653A14892B752E34003D6FEC /* Sources */,
				653A148A2B752E34003D6FEC /* Frameworks */,
				653A148B2B752E34003D6FEC /* Resources */,
			);
			buildRules = (
			);
			dependencies = (
			);
			name = fastJokes;
			packageProductDependencies = (
				6594DBC62B80CB1600D5326F /* Lottie */,
			);
			productName = drunkLiarsAIPowered;
			productReference = 653A148D2B752E34003D6FEC /* fastJokes.app */;
			productType = "com.apple.product-type.application";
		};
/* End PBXNativeTarget section */

/* Begin PBXProject section */
		653A14852B752E34003D6FEC /* Project object */ = {
			isa = PBXProject;
			attributes = {
				BuildIndependentTargetsInParallel = 1;
				LastSwiftUpdateCheck = 1520;
				LastUpgradeCheck = 1520;
				TargetAttributes = {
					653A148C2B752E34003D6FEC = {
						CreatedOnToolsVersion = 15.2;
					};
				};
			};
			buildConfigurationList = 653A14882B752E34003D6FEC /* Build configuration list for PBXProject "fastJokes" */;
			compatibilityVersion = "Xcode 14.0";
			developmentRegion = en;
			hasScannedForEncodings = 0;
			knownRegions = (
				en,
				Base,
			);
			mainGroup = 653A14842B752E34003D6FEC;
			packageReferences = (
				6594DBC52B80CB1600D5326F /* XCRemoteSwiftPackageReference "lottie-ios" */,
			);
			productRefGroup = 653A148E2B752E34003D6FEC /* Products */;
			projectDirPath = "";
			projectRoot = "";
			targets = (
				653A148C2B752E34003D6FEC /* fastJokes */,
			);
		};
/* End PBXProject section */

/* Begin PBXResourcesBuildPhase section */
		653A148B2B752E34003D6FEC /* Resources */ = {
			isa = PBXResourcesBuildPhase;
			buildActionMask = 2147483647;
			files = (
				653A14982B752E35003D6FEC /* Preview Assets.xcassets in Resources */,
				6594DBC42B80C9D200D5326F /* LaunchingScreen.storyboard in Resources */,
				653A14952B752E35003D6FEC /* Assets.xcassets in Resources */,
			);
			runOnlyForDeploymentPostprocessing = 0;
		};
/* End PBXResourcesBuildPhase section */

/* Begin PBXShellScriptBuildPhase section */
		B83E23B6E74AA2F86AE98DC0 /* [CP] Check Pods Manifest.lock */ = {
			isa = PBXShellScriptBuildPhase;
			buildActionMask = 2147483647;
			files = (
			);
			inputFileListPaths = (
			);
			inputPaths = (
				"${PODS_PODFILE_DIR_PATH}/Podfile.lock",
				"${PODS_ROOT}/Manifest.lock",
			);
			name = "[CP] Check Pods Manifest.lock";
			outputFileListPaths = (
			);
			outputPaths = (
				"$(DERIVED_FILE_DIR)/Pods-drunkLiarsAIPowered-checkManifestLockResult.txt",
			);
			runOnlyForDeploymentPostprocessing = 0;
			shellPath = /bin/sh;
			shellScript = "diff \"${PODS_PODFILE_DIR_PATH}/Podfile.lock\" \"${PODS_ROOT}/Manifest.lock\" > /dev/null\nif [ $? != 0 ] ; then\n    # print error to STDERR\n    echo \"error: The sandbox is not in sync with the Podfile.lock. Run 'pod install' or update your CocoaPods installation.\" >&2\n    exit 1\nfi\n# This output is used by Xcode 'outputs' to avoid re-running this script phase.\necho \"SUCCESS\" > \"${SCRIPT_OUTPUT_FILE_0}\"\n";
			showEnvVarsInLog = 0;
		};
/* End PBXShellScriptBuildPhase section */

/* Begin PBXSourcesBuildPhase section */
		653A14892B752E34003D6FEC /* Sources */ = {
			isa = PBXSourcesBuildPhase;
			buildActionMask = 2147483647;
			files = (
				653A14932B752E34003D6FEC /* ContentView.swift in Sources */,
				653A14912B752E34003D6FEC /* fastJokesApp.swift in Sources */,
				653A14C02B7532F9003D6FEC /* JokesSentencesList.swift in Sources */,
				653A14C72B753415003D6FEC /* JokeGenerationService.swift in Sources */,
			);
			runOnlyForDeploymentPostprocessing = 0;
		};
/* End PBXSourcesBuildPhase section */

/* Begin XCBuildConfiguration section */
		653A14992B752E35003D6FEC /* Debug */ = {
			isa = XCBuildConfiguration;
			buildSettings = {
				ALWAYS_SEARCH_USER_PATHS = NO;
				ASSETCATALOG_COMPILER_GENERATE_SWIFT_ASSET_SYMBOL_EXTENSIONS = YES;
				CLANG_ANALYZER_NONNULL = YES;
				CLANG_ANALYZER_NUMBER_OBJECT_CONVERSION = YES_AGGRESSIVE;
				CLANG_CXX_LANGUAGE_STANDARD = "gnu++20";
				CLANG_ENABLE_MODULES = YES;
				CLANG_ENABLE_OBJC_ARC = YES;
				CLANG_ENABLE_OBJC_WEAK = YES;
				CLANG_WARN_BLOCK_CAPTURE_AUTORELEASING = YES;
				CLANG_WARN_BOOL_CONVERSION = YES;
				CLANG_WARN_COMMA = YES;
				CLANG_WARN_CONSTANT_CONVERSION = YES;
				CLANG_WARN_DEPRECATED_OBJC_IMPLEMENTATIONS = YES;
				CLANG_WARN_DIRECT_OBJC_ISA_USAGE = YES_ERROR;
				CLANG_WARN_DOCUMENTATION_COMMENTS = YES;
				CLANG_WARN_EMPTY_BODY = YES;
				CLANG_WARN_ENUM_CONVERSION = YES;
				CLANG_WARN_INFINITE_RECURSION = YES;
				CLANG_WARN_INT_CONVERSION = YES;
				CLANG_WARN_NON_LITERAL_NULL_CONVERSION = YES;
				CLANG_WARN_OBJC_IMPLICIT_RETAIN_SELF = YES;
				CLANG_WARN_OBJC_LITERAL_CONVERSION = YES;
				CLANG_WARN_OBJC_ROOT_CLASS = YES_ERROR;
				CLANG_WARN_QUOTED_INCLUDE_IN_FRAMEWORK_HEADER = YES;
				CLANG_WARN_RANGE_LOOP_ANALYSIS = YES;
				CLANG_WARN_STRICT_PROTOTYPES = YES;
				CLANG_WARN_SUSPICIOUS_MOVE = YES;
				CLANG_WARN_UNGUARDED_AVAILABILITY = YES_AGGRESSIVE;
				CLANG_WARN_UNREACHABLE_CODE = YES;
				CLANG_WARN__DUPLICATE_METHOD_MATCH = YES;
				COPY_PHASE_STRIP = NO;
				DEBUG_INFORMATION_FORMAT = dwarf;
				ENABLE_STRICT_OBJC_MSGSEND = YES;
				ENABLE_TESTABILITY = YES;
				ENABLE_USER_SCRIPT_SANDBOXING = YES;
				GCC_C_LANGUAGE_STANDARD = gnu17;
				GCC_DYNAMIC_NO_PIC = NO;
				GCC_NO_COMMON_BLOCKS = YES;
				GCC_OPTIMIZATION_LEVEL = 0;
				GCC_PREPROCESSOR_DEFINITIONS = (
					"DEBUG=1",
					"$(inherited)",
				);
				GCC_WARN_64_TO_32_BIT_CONVERSION = YES;
				GCC_WARN_ABOUT_RETURN_TYPE = YES_ERROR;
				GCC_WARN_UNDECLARED_SELECTOR = YES;
				GCC_WARN_UNINITIALIZED_AUTOS = YES_AGGRESSIVE;
				GCC_WARN_UNUSED_FUNCTION = YES;
				GCC_WARN_UNUSED_VARIABLE = YES;
				IPHONEOS_DEPLOYMENT_TARGET = 17.2;
				LOCALIZATION_PREFERS_STRING_CATALOGS = YES;
				MTL_ENABLE_DEBUG_INFO = INCLUDE_SOURCE;
				MTL_FAST_MATH = YES;
				ONLY_ACTIVE_ARCH = YES;
				SDKROOT = iphoneos;
				SWIFT_ACTIVE_COMPILATION_CONDITIONS = "DEBUG $(inherited)";
				SWIFT_OPTIMIZATION_LEVEL = "-Onone";
			};
			name = Debug;
		};
		653A149A2B752E35003D6FEC /* Release */ = {
			isa = XCBuildConfiguration;
			buildSettings = {
				ALWAYS_SEARCH_USER_PATHS = NO;
				ASSETCATALOG_COMPILER_GENERATE_SWIFT_ASSET_SYMBOL_EXTENSIONS = YES;
				CLANG_ANALYZER_NONNULL = YES;
				CLANG_ANALYZER_NUMBER_OBJECT_CONVERSION = YES_AGGRESSIVE;
				CLANG_CXX_LANGUAGE_STANDARD = "gnu++20";
				CLANG_ENABLE_MODULES = YES;
				CLANG_ENABLE_OBJC_ARC = YES;
				CLANG_ENABLE_OBJC_WEAK = YES;
				CLANG_WARN_BLOCK_CAPTURE_AUTORELEASING = YES;
				CLANG_WARN_BOOL_CONVERSION = YES;
				CLANG_WARN_COMMA = YES;
				CLANG_WARN_CONSTANT_CONVERSION = YES;
				CLANG_WARN_DEPRECATED_OBJC_IMPLEMENTATIONS = YES;
				CLANG_WARN_DIRECT_OBJC_ISA_USAGE = YES_ERROR;
				CLANG_WARN_DOCUMENTATION_COMMENTS = YES;
				CLANG_WARN_EMPTY_BODY = YES;
				CLANG_WARN_ENUM_CONVERSION = YES;
				CLANG_WARN_INFINITE_RECURSION = YES;
				CLANG_WARN_INT_CONVERSION = YES;
				CLANG_WARN_NON_LITERAL_NULL_CONVERSION = YES;
				CLANG_WARN_OBJC_IMPLICIT_RETAIN_SELF = YES;
				CLANG_WARN_OBJC_LITERAL_CONVERSION = YES;
				CLANG_WARN_OBJC_ROOT_CLASS = YES_ERROR;
				CLANG_WARN_QUOTED_INCLUDE_IN_FRAMEWORK_HEADER = YES;
				CLANG_WARN_RANGE_LOOP_ANALYSIS = YES;
				CLANG_WARN_STRICT_PROTOTYPES = YES;
				CLANG_WARN_SUSPICIOUS_MOVE = YES;
				CLANG_WARN_UNGUARDED_AVAILABILITY = YES_AGGRESSIVE;
				CLANG_WARN_UNREACHABLE_CODE = YES;
				CLANG_WARN__DUPLICATE_METHOD_MATCH = YES;
				COPY_PHASE_STRIP = NO;
				DEBUG_INFORMATION_FORMAT = "dwarf-with-dsym";
				ENABLE_NS_ASSERTIONS = NO;
				ENABLE_STRICT_OBJC_MSGSEND = YES;
				ENABLE_USER_SCRIPT_SANDBOXING = YES;
				GCC_C_LANGUAGE_STANDARD = gnu17;
				GCC_NO_COMMON_BLOCKS = YES;
				GCC_WARN_64_TO_32_BIT_CONVERSION = YES;
				GCC_WARN_ABOUT_RETURN_TYPE = YES_ERROR;
				GCC_WARN_UNDECLARED_SELECTOR = YES;
				GCC_WARN_UNINITIALIZED_AUTOS = YES_AGGRESSIVE;
				GCC_WARN_UNUSED_FUNCTION = YES;
				GCC_WARN_UNUSED_VARIABLE = YES;
				IPHONEOS_DEPLOYMENT_TARGET = 17.2;
				LOCALIZATION_PREFERS_STRING_CATALOGS = YES;
				MTL_ENABLE_DEBUG_INFO = NO;
				MTL_FAST_MATH = YES;
				SDKROOT = iphoneos;
				SWIFT_COMPILATION_MODE = wholemodule;
				VALIDATE_PRODUCT = YES;
			};
			name = Release;
		};
		653A149C2B752E35003D6FEC /* Debug */ = {
			isa = XCBuildConfiguration;
			baseConfigurationReference = 4DA2D080F2AB9742A1EB2FB5 /* Pods-drunkLiarsAIPowered.debug.xcconfig */;
			buildSettings = {
				ASSETCATALOG_COMPILER_APPICON_NAME = AppIcon;
				ASSETCATALOG_COMPILER_GLOBAL_ACCENT_COLOR_NAME = AccentColor;
				CODE_SIGN_STYLE = Automatic;
				CURRENT_PROJECT_VERSION = 1;
				DEVELOPMENT_ASSET_PATHS = "\"fastJokes/Preview Content\"";
				DEVELOPMENT_TEAM = F523477C7K;
				ENABLE_PREVIEWS = YES;
				GENERATE_INFOPLIST_FILE = YES;
				INFOPLIST_KEY_CFBundleDisplayName = "Fast Jokes";
				INFOPLIST_KEY_LSApplicationCategoryType = "public.app-category.entertainment";
				INFOPLIST_KEY_UIApplicationSceneManifest_Generation = YES;
				INFOPLIST_KEY_UIApplicationSupportsIndirectInputEvents = YES;
				INFOPLIST_KEY_UILaunchScreen_Generation = YES;
				INFOPLIST_KEY_UILaunchStoryboardName = LaunchingScreen.storyboard;
				INFOPLIST_KEY_UISupportedInterfaceOrientations_iPad = "UIInterfaceOrientationPortrait UIInterfaceOrientationPortraitUpsideDown UIInterfaceOrientationLandscapeLeft UIInterfaceOrientationLandscapeRight";
				INFOPLIST_KEY_UISupportedInterfaceOrientations_iPhone = "UIInterfaceOrientationPortrait UIInterfaceOrientationLandscapeLeft UIInterfaceOrientationLandscapeRight";
				LD_RUNPATH_SEARCH_PATHS = (
					"$(inherited)",
					"@executable_path/Frameworks",
				);
				MARKETING_VERSION = 1.0;
				PRODUCT_BUNDLE_IDENTIFIER = com.pafego.fastJokes;
				PRODUCT_NAME = "$(TARGET_NAME)";
				SWIFT_EMIT_LOC_STRINGS = YES;
				SWIFT_VERSION = 5.0;
				TARGETED_DEVICE_FAMILY = "1,2";
			};
			name = Debug;
		};
		653A149D2B752E35003D6FEC /* Release */ = {
			isa = XCBuildConfiguration;
			baseConfigurationReference = 13A27B74B0C07C7C1D36C7F3 /* Pods-drunkLiarsAIPowered.release.xcconfig */;
			buildSettings = {
				ASSETCATALOG_COMPILER_APPICON_NAME = AppIcon;
				ASSETCATALOG_COMPILER_GLOBAL_ACCENT_COLOR_NAME = AccentColor;
				CODE_SIGN_STYLE = Automatic;
				CURRENT_PROJECT_VERSION = 1;
				DEVELOPMENT_ASSET_PATHS = "\"fastJokes/Preview Content\"";
				DEVELOPMENT_TEAM = F523477C7K;
				ENABLE_PREVIEWS = YES;
				GENERATE_INFOPLIST_FILE = YES;
				INFOPLIST_KEY_CFBundleDisplayName = "Fast Jokes";
				INFOPLIST_KEY_LSApplicationCategoryType = "public.app-category.entertainment";
				INFOPLIST_KEY_UIApplicationSceneManifest_Generation = YES;
				INFOPLIST_KEY_UIApplicationSupportsIndirectInputEvents = YES;
				INFOPLIST_KEY_UILaunchScreen_Generation = YES;
				INFOPLIST_KEY_UILaunchStoryboardName = LaunchingScreen.storyboard;
				INFOPLIST_KEY_UISupportedInterfaceOrientations_iPad = "UIInterfaceOrientationPortrait UIInterfaceOrientationPortraitUpsideDown UIInterfaceOrientationLandscapeLeft UIInterfaceOrientationLandscapeRight";
				INFOPLIST_KEY_UISupportedInterfaceOrientations_iPhone = "UIInterfaceOrientationPortrait UIInterfaceOrientationLandscapeLeft UIInterfaceOrientationLandscapeRight";
				LD_RUNPATH_SEARCH_PATHS = (
					"$(inherited)",
					"@executable_path/Frameworks",
				);
				MARKETING_VERSION = 1.0;
				PRODUCT_BUNDLE_IDENTIFIER = com.pafego.fastJokes;
				PRODUCT_NAME = "$(TARGET_NAME)";
				SWIFT_EMIT_LOC_STRINGS = YES;
				SWIFT_VERSION = 5.0;
				TARGETED_DEVICE_FAMILY = "1,2";
			};
			name = Release;
		};
/* End XCBuildConfiguration section */

/* Begin XCConfigurationList section */
		653A14882B752E34003D6FEC /* Build configuration list for PBXProject "fastJokes" */ = {
			isa = XCConfigurationList;
			buildConfigurations = (
				653A14992B752E35003D6FEC /* Debug */,
				653A149A2B752E35003D6FEC /* Release */,
			);
			defaultConfigurationIsVisible = 0;
			defaultConfigurationName = Release;
		};
		653A149B2B752E35003D6FEC /* Build configuration list for PBXNativeTarget "fastJokes" */ = {
			isa = XCConfigurationList;
			buildConfigurations = (
				653A149C2B752E35003D6FEC /* Debug */,
				653A149D2B752E35003D6FEC /* Release */,
			);
			defaultConfigurationIsVisible = 0;
			defaultConfigurationName = Release;
		};
/* End XCConfigurationList section */

/* Begin XCRemoteSwiftPackageReference section */
		6594DBC52B80CB1600D5326F /* XCRemoteSwiftPackageReference "lottie-ios" */ = {
			isa = XCRemoteSwiftPackageReference;
			repositoryURL = "https://github.com/airbnb/lottie-ios.git";
			requirement = {
				kind = upToNextMajorVersion;
				minimumVersion = 4.4.0;
			};
		};
/* End XCRemoteSwiftPackageReference section */

/* Begin XCSwiftPackageProductDependency section */
		6594DBC62B80CB1600D5326F /* Lottie */ = {
			isa = XCSwiftPackageProductDependency;
			package = 6594DBC52B80CB1600D5326F /* XCRemoteSwiftPackageReference "lottie-ios" */;
			productName = Lottie;
		};
/* End XCSwiftPackageProductDependency section */
	};
	rootObject = 653A14852B752E34003D6FEC /* Project object */;
}
